# THIS IS AN AUTOGENERATED FILE. DO NOT EDIT THIS FILE DIRECTLY.
# yarn lockfile v1


"@iden3/bigarray@0.0.2":
  "integrity" "sha512-Xzdyxqm1bOFF6pdIsiHLLl3HkSLjbhqJHVyqaTxXt3RqXBEnmsUmEW47H7VOi/ak7TdkRpNkxjyK5Zbkm+y52g=="
  "resolved" "https://registry.npmjs.org/@iden3/bigarray/-/bigarray-0.0.2.tgz"
  "version" "0.0.2"

"@iden3/binfileutils@0.0.10":
  "integrity" "sha512-mDtBiKYcHs9K8vnznd8md0In6e5hL6i7ITzlHQ6Xxx6kvGAgB8UZeHJ0KswS6IJK4x9v2mwHsh5kIDl245cQZg=="
  "resolved" "https://registry.npmjs.org/@iden3/binfileutils/-/binfileutils-0.0.10.tgz"
  "version" "0.0.10"
  dependencies:
    "fastfile" "0.0.19"
    "ffjavascript" "^0.2.48"

"ansi-styles@^4.1.0":
  "integrity" "sha512-zbB9rCJAT1rbjiVDb2hqKFHNYLxgtk8NURxZ3IZwD3F6NtxbXZQCnnSi1Lkx+IDohdPlFp222wVALIheZJQSEg=="
  "resolved" "https://registry.npmjs.org/ansi-styles/-/ansi-styles-4.3.0.tgz"
  "version" "4.3.0"
  dependencies:
    "color-convert" "^2.0.1"

"async@^3.2.3":
  "integrity" "sha512-iAB+JbDEGXhyIUavoDl9WP/Jj106Kz9DEn1DPgYw5ruDn0e3Wgi3sKFm55sASdGBNOQB8F59d9qQ7deqrHA8wQ=="
  "resolved" "https://registry.npmjs.org/async/-/async-3.2.4.tgz"
  "version" "3.2.4"

"b4a@^1.0.1":
  "integrity" "sha512-1aCQIzQJK7G0z1Una75tWMlwVAR8o+QHoAlnWc5XAxRVBESY9WsitfBgM5nPyDBP5HrhPU1Np4Pq2Y7CJQ+tVw=="
  "resolved" "https://registry.npmjs.org/b4a/-/b4a-1.5.3.tgz"
  "version" "1.5.3"

"balanced-match@^1.0.0":
  "integrity" "sha512-3oSeUO0TMV67hN1AmbXsK4yaqU7tjiHlbxRDZOpH0KW9+CeX4bRAaX0Anxt0tx2MrpRpWwQaPwIlISEJhYU5Pw=="
  "resolved" "https://registry.npmjs.org/balanced-match/-/balanced-match-1.0.2.tgz"
  "version" "1.0.2"

"big-integer@^1.6.42", "big-integer@^1.6.48":
  "integrity" "sha512-GPEid2Y9QU1Exl1rpO9B2IPJGHPSupF5GnVIP0blYvNOMer2bTvSWs1jGOUg04hTmu67nmLsQ9TBo1puaotBHg=="
  "resolved" "https://registry.npmjs.org/big-integer/-/big-integer-1.6.51.tgz"
  "version" "1.6.51"

"blake2b-wasm@^2.4.0":
  "integrity" "sha512-S1kwmW2ZhZFFFOghcx73+ZajEfKBqhP82JMssxtLVMxlaPea1p9uoLiUZ5WYyHn0KddwbLc+0vh4wR0KBNoT5w=="
  "resolved" "https://registry.npmjs.org/blake2b-wasm/-/blake2b-wasm-2.4.0.tgz"
  "version" "2.4.0"
  dependencies:
    "b4a" "^1.0.1"
    "nanoassert" "^2.0.0"

"blakejs@^1.1.0":
  "integrity" "sha512-QXUSXI3QVc/gJME0dBpXrag1kbzOqCjCX8/b54ntNyW6sjtoqxqRk3LTmXzaJoh71zMsDCjM+47jS7XiwN/+fQ=="
  "resolved" "https://registry.npmjs.org/blakejs/-/blakejs-1.2.1.tgz"
  "version" "1.2.1"

"brace-expansion@^1.1.7":
  "integrity" "sha512-iCuPHDFgrHX7H2vEI/5xpz07zSHB00TpugqhmYtVmMO6518mCuRMoOYFldEBl0g187ufozdaHgWKcYFb61qGiA=="
  "resolved" "https://registry.npmjs.org/brace-expansion/-/brace-expansion-1.1.11.tgz"
  "version" "1.1.11"
  dependencies:
    "balanced-match" "^1.0.0"
    "concat-map" "0.0.1"

"brace-expansion@^2.0.1":
  "integrity" "sha512-XnAIvQ8eM+kC6aULx6wuQiwVsnzsi9d3WxzV3FpWTGA19F621kwdbsAcFKXgKUHZWsy+mY6iL1sHTxWEFCytDA=="
  "resolved" "https://registry.npmjs.org/brace-expansion/-/brace-expansion-2.0.1.tgz"
  "version" "2.0.1"
  dependencies:
    "balanced-match" "^1.0.0"

"chalk@^4.0.2":
  "integrity" "sha512-oKnbhFyRIXpUuez8iBMmyEa4nbj4IOQyuhc/wy9kY7/WVPcwIO9VA668Pu8RkO7+0G76SLROeyw9CpQ061i4mA=="
  "resolved" "https://registry.npmjs.org/chalk/-/chalk-4.1.2.tgz"
  "version" "4.1.2"
  dependencies:
    "ansi-styles" "^4.1.0"
    "supports-color" "^7.1.0"

"circom_runtime@0.1.17":
  "integrity" "sha512-FCOCPz7ZbqL4TpzBlISRZ7/fcYHkdZz0DMfju1DYHiRU/+ZzJQfDS8JYENlnb9PO+HsLTr6/QtzphqvnEBp9AQ=="
  "resolved" "https://registry.npmjs.org/circom_runtime/-/circom_runtime-0.1.17.tgz"
  "version" "0.1.17"
  dependencies:
    "ffjavascript" "0.2.48"

"color-convert@^2.0.1":
  "integrity" "sha512-RRECPsj7iu/xb5oKYcsFHSppFNnsj/52OVTRKb4zP5onXwVF3zVmmToNcOfGC+CRDpfK/U584fMg38ZHCaElKQ=="
  "resolved" "https://registry.npmjs.org/color-convert/-/color-convert-2.0.1.tgz"
  "version" "2.0.1"
  dependencies:
    "color-name" "~1.1.4"

"color-name@~1.1.4":
  "integrity" "sha512-dOy+3AuW3a2wNbZHIuMZpTcgjGuLU/uBL/ubcZF9OXbDo8ff4O8yVp5Bf0efS8uEoYo5q4Fx7dY9OgQGXgAsQA=="
  "resolved" "https://registry.npmjs.org/color-name/-/color-name-1.1.4.tgz"
  "version" "1.1.4"

"concat-map@0.0.1":
  "integrity" "sha512-/Srv4dswyQNBfohGpz9o6Yb3Gz3SrUDqBH5rTuhGR7ahtlbYKnVxw2bCFMRljaA7EXHaXZ8wsHdodFvbkhKmqg=="
  "resolved" "https://registry.npmjs.org/concat-map/-/concat-map-0.0.1.tgz"
  "version" "0.0.1"

"ejs@^3.1.6":
  "integrity" "sha512-/sXZeMlhS0ArkfX2Aw780gJzXSMPnKjtspYZv+f3NiKLlubezAHDU5+9xz6gd3/NhG3txQCo6xlglmTS+oTGEQ=="
  "resolved" "https://registry.npmjs.org/ejs/-/ejs-3.1.8.tgz"
  "version" "3.1.8"
  dependencies:
    "jake" "^10.8.5"

"fastfile@0.0.19":
  "integrity" "sha512-tz9nWR5KYb6eR2odFQ7oxqEkx8F3YQZ6NBJoJR92YEG3DqYOqyxMck8PKvTVNKx3uwvOqGnLXNScnqpdHRdHGQ=="
  "resolved" "https://registry.npmjs.org/fastfile/-/fastfile-0.0.19.tgz"
  "version" "0.0.19"

"ffjavascript@^0.2.48", "ffjavascript@0.2.54":
  "integrity" "sha512-VeQmR805zaDxLALu/0FlO0OfmE3MOHvPEmEPUdlinRk7kBydgdthSQSSaHZ/OlZ1DwiiGvfiKmNgNpUq4zr+XQ=="
  "resolved" "https://registry.npmjs.org/ffjavascript/-/ffjavascript-0.2.54.tgz"
  "version" "0.2.54"
  dependencies:
    "big-integer" "^1.6.48"
    "wasmbuilder" "^0.0.12"
    "wasmcurves" "0.1.0"
    "web-worker" "^1.2.0"

"ffjavascript@0.2.48":
  "integrity" "sha512-uNrWP+odLofNmmO+iCCPi/Xt/sJh1ku3pVKmKWVWCLFfdCP69hvRrogKUIGnsdiINcWn0lGxcEh5oEjStMFXQQ=="
  "resolved" "https://registry.npmjs.org/ffjavascript/-/ffjavascript-0.2.48.tgz"
  "version" "0.2.48"
  dependencies:
    "big-integer" "^1.6.48"
    "wasmbuilder" "^0.0.12"
    "wasmcurves" "0.1.0"
    "web-worker" "^1.2.0"

"filelist@^1.0.1":
  "integrity" "sha512-w1cEuf3S+DrLCQL7ET6kz+gmlJdbq9J7yXCSjK/OZCPA+qEN1WyF4ZAf0YYJa4/shHJra2t/d/r8SV4Ji+x+8Q=="
  "resolved" "https://registry.npmjs.org/filelist/-/filelist-1.0.4.tgz"
  "version" "1.0.4"
  dependencies:
    "minimatch" "^5.0.1"

"has-flag@^4.0.0":
  "integrity" "sha512-EykJT/Q1KjTWctppgIAgfSO0tKVuZUjhgMr17kqTumMl6Afv3EISleU7qZUzoXDFTAHTDC4NOoG/ZxU3EvlMPQ=="
  "resolved" "https://registry.npmjs.org/has-flag/-/has-flag-4.0.0.tgz"
  "version" "4.0.0"

"jake@^10.8.5":
  "integrity" "sha512-sVpxYeuAhWt0OTWITwT98oyV0GsXyMlXCF+3L1SuafBVUIr/uILGRB+NqwkzhgXKvoJpDIpQvqkUALgdmQsQxw=="
  "resolved" "https://registry.npmjs.org/jake/-/jake-10.8.5.tgz"
  "version" "10.8.5"
  dependencies:
    "async" "^3.2.3"
    "chalk" "^4.0.2"
    "filelist" "^1.0.1"
    "minimatch" "^3.0.4"

"js-sha3@^0.8.0":
  "integrity" "sha512-gF1cRrHhIzNfToc802P800N8PpXS+evLLXfsVpowqmAFR9uwbi89WvXg2QspOmXL8QL86J4T1EpFu+yUkwJY3Q=="
  "resolved" "https://registry.npmjs.org/js-sha3/-/js-sha3-0.8.0.tgz"
  "version" "0.8.0"

"logplease@^1.2.15":
  "integrity" "sha512-jLlHnlsPSJjpwUfcNyUxXCl33AYg2cHhIf9QhGL2T4iPT0XPB+xP1LRKFPgIg1M/sg9kAJvy94w9CzBNrfnstA=="
  "resolved" "https://registry.npmjs.org/logplease/-/logplease-1.2.15.tgz"
  "version" "1.2.15"

"minimatch@^3.0.4":
  "integrity" "sha512-J7p63hRiAjw1NDEww1W7i37+ByIrOWO5XQQAzZ3VOcL0PNybwpfmV/N05zFAzwQ9USyEcX6t3UO+K5aqBQOIHw=="
  "resolved" "https://registry.npmjs.org/minimatch/-/minimatch-3.1.2.tgz"
  "version" "3.1.2"
  dependencies:
    "brace-expansion" "^1.1.7"

"minimatch@^5.0.1":
  "integrity" "sha512-9TPBGGak4nHfGZsPBohm9AWg6NoT7QTCehS3BIJABslyZbzxfV78QM2Y6+i741OPZIafFAaiiEMh5OyIrJPgtg=="
  "resolved" "https://registry.npmjs.org/minimatch/-/minimatch-5.1.0.tgz"
  "version" "5.1.0"
  dependencies:
    "brace-expansion" "^2.0.1"

"nanoassert@^2.0.0":
  "integrity" "sha512-7vO7n28+aYO4J+8w96AzhmU8G+Y/xpPDJz/se19ICsqj/momRbb9mh9ZUtkoJ5X3nTnPdhEJyc0qnM6yAsHBaA=="
  "resolved" "https://registry.npmjs.org/nanoassert/-/nanoassert-2.0.0.tgz"
  "version" "2.0.0"

"r1csfile@0.0.35":
  "integrity" "sha512-n6RTn7KxtfHxw5gjljYBaEuhVkXEQ2sZW1XVan7fwdwvQt9Kd65/A0cy+nNHL4GRGAHEaBMdYj0JOl/3kXln4Q=="
  "resolved" "https://registry.npmjs.org/r1csfile/-/r1csfile-0.0.35.tgz"
  "version" "0.0.35"
  dependencies:
    "@iden3/bigarray" "0.0.2"
    "@iden3/binfileutils" "0.0.10"
    "fastfile" "0.0.19"
    "ffjavascript" "0.2.48"

"readline@^1.3.0":
  "integrity" "sha512-k2d6ACCkiNYz222Fs/iNze30rRJ1iIicW7JuX/7/cozvih6YCkFZH+J6mAFDVgv0dRBaAyr4jDqC95R2y4IADg=="
  "resolved" "https://registry.npmjs.org/readline/-/readline-1.3.0.tgz"
  "version" "1.3.0"

"snarkjs@^0.4.19":
  "integrity" "sha512-QNEcPevBG5zB8U+PtmZ7EmH7Dr0b9kuuy8NjraT/o9ute15k34VAh/aCRAbRMtUSIoqwxS5WYKjk8vEbHzqFJw=="
  "resolved" "https://registry.npmjs.org/snarkjs/-/snarkjs-0.4.19.tgz"
  "version" "0.4.19"
  dependencies:
    "@iden3/binfileutils" "0.0.10"
    "blake2b-wasm" "^2.4.0"
    "circom_runtime" "0.1.17"
    "ejs" "^3.1.6"
    "fastfile" "0.0.19"
    "ffjavascript" "0.2.54"
    "js-sha3" "^0.8.0"
    "logplease" "^1.2.15"
    "r1csfile" "0.0.35"
    "readline" "^1.3.0"

"supports-color@^7.1.0":
  "integrity" "sha512-qpCAvRl9stuOHveKsn7HncJRvv501qIacKzQlO/+Lwxc9+0q2wLyv4Dfvt80/DPn2pqOBsJdDiogXGR9+OvwRw=="
  "resolved" "https://registry.npmjs.org/supports-color/-/supports-color-7.2.0.tgz"
  "version" "7.2.0"
  dependencies:
    "has-flag" "^4.0.0"

"wasmbuilder@^0.0.12":
  "integrity" "sha512-dTMpBgrnLOXrN58i2zakn2ScynsBhq9LfyQIsPz4CyxRF9k1GAORniuqn3xmE9NnI1l7g3iiVCkoB2Cl0/oG8w=="
  "resolved" "https://registry.npmjs.org/wasmbuilder/-/wasmbuilder-0.0.12.tgz"
  "version" "0.0.12"
  dependencies:
    "big-integer" "^1.6.48"

"wasmcurves@0.1.0":
  "integrity" "sha512-kIlcgbVUAv2uQ6lGsepGz/m5V40+Z6rvTBkqCYn3Y2+OcXst+UaP4filJYLh/xDxjJl62FFjZZeAnpeli1Y5/Q=="
  "resolved" "https://registry.npmjs.org/wasmcurves/-/wasmcurves-0.1.0.tgz"
  "version" "0.1.0"
  dependencies:
    "big-integer" "^1.6.42"
    "blakejs" "^1.1.0"

"web-worker@^1.2.0":
  "integrity" "sha512-PgF341avzqyx60neE9DD+XS26MMNMoUQRz9NOZwW32nPQrF6p77f1htcnjBSEV8BGMKZ16choqUG4hyI0Hx7mA=="
  "resolved" "https://registry.npmjs.org/web-worker/-/web-worker-1.2.0.tgz"
  "version" "1.2.0"
